
Microsoft Visual Studio Solution File, Format Version 12.00
# Visual Studio Version 16
VisualStudioVersion = 16.0.29519.87
MinimumVisualStudioVersion = 10.0.40219.1
Project("{9A19103F-16F7-4668-BE54-9A1E7A4F7556}") = "FinancialChat.Web", "Web\FinancialChat.Web.csproj", "{0D8D7AFF-AD23-4197-BF3E-1E12965B99CE}"
EndProject
Project("{2150E333-8FDC-42A3-9474-1A3956D46DE8}") = "Docs", "Docs", "{0D773EB3-6DCD-4F0A-90DF-9FE46CD11BED}"
	ProjectSection(SolutionItems) = preProject
		LICENSE.txt = LICENSE.txt
		README.md = README.md
	EndProjectSection
EndProject
Project("{2150E333-8FDC-42A3-9474-1A3956D46DE8}") = "Src", "Src", "{061F2117-DAE3-469D-92B2-D151F51887CC}"
EndProject
Project("{2150E333-8FDC-42A3-9474-1A3956D46DE8}") = "Tests", "Tests", "{1D288641-9CC0-4DFA-90D7-A4B25C9EB142}"
EndProject
Project("{2150E333-8FDC-42A3-9474-1A3956D46DE8}") = "Core", "Core", "{5E68B947-CCFE-4A30-8129-07A481EAE0FA}"
EndProject
Project("{2150E333-8FDC-42A3-9474-1A3956D46DE8}") = "Infrastructure", "Infrastructure", "{B7F3C7CD-E04D-425C-80BE-55057B2A7517}"
EndProject
Project("{2150E333-8FDC-42A3-9474-1A3956D46DE8}") = "Presentation", "Presentation", "{BD7E21B5-3F22-4B4F-BA11-277BEFF51B74}"
EndProject
Project("{9A19103F-16F7-4668-BE54-9A1E7A4F7556}") = "FinancialChat.Domain", "Domain\FinancialChat.Domain.csproj", "{8B853AD0-2714-410D-AA81-B2F2A0AF4FF7}"
EndProject
Project("{9A19103F-16F7-4668-BE54-9A1E7A4F7556}") = "FinancialChat.Application", "Application\FinancialChat.Application.csproj", "{11BDF969-F1C9-42D0-B7E2-7D813B50DACC}"
EndProject
Project("{9A19103F-16F7-4668-BE54-9A1E7A4F7556}") = "FinancialChat.Abstractions", "Abstractions\FinancialChat.Abstractions.csproj", "{D41B9D9D-467B-4482-B978-05201DF4285F}"
EndProject
Project("{9A19103F-16F7-4668-BE54-9A1E7A4F7556}") = "FinancialChat.HostingContext", "HostingContext\FinancialChat.HostingContext.csproj", "{7685F1A4-8248-4EC1-A8D9-DF7268B97056}"
EndProject
Project("{9A19103F-16F7-4668-BE54-9A1E7A4F7556}") = "FinancialChat.MessageBroker", "MessageBroker\FinancialChat.MessageBroker.csproj", "{023D0620-D864-41BA-81B5-3DE981712972}"
EndProject
Project("{9A19103F-16F7-4668-BE54-9A1E7A4F7556}") = "FinancialChat.Persistence", "Persistence\FinancialChat.Persistence.csproj", "{2AE8A858-B1F1-4D4B-9A75-9078DC9CCC58}"
EndProject
Project("{9A19103F-16F7-4668-BE54-9A1E7A4F7556}") = "FinancialChat.StockService", "StockService\FinancialChat.StockService.csproj", "{0B36637F-8ADD-4D8F-98F1-510E2934B154}"
EndProject
Project("{9A19103F-16F7-4668-BE54-9A1E7A4F7556}") = "FinancialChat.SignalR", "SignalR\FinancialChat.SignalR.csproj", "{D62301EC-08A7-4AD9-AF51-110991219AE5}"
EndProject
Project("{FAE04EC0-301F-11D3-BF4B-00C04F79EFBC}") = "FinancialChat.Application.Tests", "Application.Tests\FinancialChat.Application.Tests.csproj", "{4186F225-D73F-422F-89E7-35F9DEBD31F3}"
EndProject
Global
	GlobalSection(SolutionConfigurationPlatforms) = preSolution
		Debug|Any CPU = Debug|Any CPU
		Release|Any CPU = Release|Any CPU
	EndGlobalSection
	GlobalSection(ProjectConfigurationPlatforms) = postSolution
		{0D8D7AFF-AD23-4197-BF3E-1E12965B99CE}.Debug|Any CPU.ActiveCfg = Debug|Any CPU
		{0D8D7AFF-AD23-4197-BF3E-1E12965B99CE}.Debug|Any CPU.Build.0 = Debug|Any CPU
		{0D8D7AFF-AD23-4197-BF3E-1E12965B99CE}.Release|Any CPU.ActiveCfg = Release|Any CPU
		{0D8D7AFF-AD23-4197-BF3E-1E12965B99CE}.Release|Any CPU.Build.0 = Release|Any CPU
		{8B853AD0-2714-410D-AA81-B2F2A0AF4FF7}.Debug|Any CPU.ActiveCfg = Debug|Any CPU
		{8B853AD0-2714-410D-AA81-B2F2A0AF4FF7}.Debug|Any CPU.Build.0 = Debug|Any CPU
		{8B853AD0-2714-410D-AA81-B2F2A0AF4FF7}.Release|Any CPU.ActiveCfg = Release|Any CPU
		{8B853AD0-2714-410D-AA81-B2F2A0AF4FF7}.Release|Any CPU.Build.0 = Release|Any CPU
		{11BDF969-F1C9-42D0-B7E2-7D813B50DACC}.Debug|Any CPU.ActiveCfg = Debug|Any CPU
		{11BDF969-F1C9-42D0-B7E2-7D813B50DACC}.Debug|Any CPU.Build.0 = Debug|Any CPU
		{11BDF969-F1C9-42D0-B7E2-7D813B50DACC}.Release|Any CPU.ActiveCfg = Release|Any CPU
		{11BDF969-F1C9-42D0-B7E2-7D813B50DACC}.Release|Any CPU.Build.0 = Release|Any CPU
		{D41B9D9D-467B-4482-B978-05201DF4285F}.Debug|Any CPU.ActiveCfg = Debug|Any CPU
		{D41B9D9D-467B-4482-B978-05201DF4285F}.Debug|Any CPU.Build.0 = Debug|Any CPU
		{D41B9D9D-467B-4482-B978-05201DF4285F}.Release|Any CPU.ActiveCfg = Release|Any CPU
		{D41B9D9D-467B-4482-B978-05201DF4285F}.Release|Any CPU.Build.0 = Release|Any CPU
		{7685F1A4-8248-4EC1-A8D9-DF7268B97056}.Debug|Any CPU.ActiveCfg = Debug|Any CPU
		{7685F1A4-8248-4EC1-A8D9-DF7268B97056}.Debug|Any CPU.Build.0 = Debug|Any CPU
		{7685F1A4-8248-4EC1-A8D9-DF7268B97056}.Release|Any CPU.ActiveCfg = Release|Any CPU
		{7685F1A4-8248-4EC1-A8D9-DF7268B97056}.Release|Any CPU.Build.0 = Release|Any CPU
		{023D0620-D864-41BA-81B5-3DE981712972}.Debug|Any CPU.ActiveCfg = Debug|Any CPU
		{023D0620-D864-41BA-81B5-3DE981712972}.Debug|Any CPU.Build.0 = Debug|Any CPU
		{023D0620-D864-41BA-81B5-3DE981712972}.Release|Any CPU.ActiveCfg = Release|Any CPU
		{023D0620-D864-41BA-81B5-3DE981712972}.Release|Any CPU.Build.0 = Release|Any CPU
		{2AE8A858-B1F1-4D4B-9A75-9078DC9CCC58}.Debug|Any CPU.ActiveCfg = Debug|Any CPU
		{2AE8A858-B1F1-4D4B-9A75-9078DC9CCC58}.Debug|Any CPU.Build.0 = Debug|Any CPU
		{2AE8A858-B1F1-4D4B-9A75-9078DC9CCC58}.Release|Any CPU.ActiveCfg = Release|Any CPU
		{2AE8A858-B1F1-4D4B-9A75-9078DC9CCC58}.Release|Any CPU.Build.0 = Release|Any CPU
		{0B36637F-8ADD-4D8F-98F1-510E2934B154}.Debug|Any CPU.ActiveCfg = Debug|Any CPU
		{0B36637F-8ADD-4D8F-98F1-510E2934B154}.Debug|Any CPU.Build.0 = Debug|Any CPU
		{0B36637F-8ADD-4D8F-98F1-510E2934B154}.Release|Any CPU.ActiveCfg = Release|Any CPU
		{0B36637F-8ADD-4D8F-98F1-510E2934B154}.Release|Any CPU.Build.0 = Release|Any CPU
		{D62301EC-08A7-4AD9-AF51-110991219AE5}.Debug|Any CPU.ActiveCfg = Debug|Any CPU
		{D62301EC-08A7-4AD9-AF51-110991219AE5}.Debug|Any CPU.Build.0 = Debug|Any CPU
		{D62301EC-08A7-4AD9-AF51-110991219AE5}.Release|Any CPU.ActiveCfg = Release|Any CPU
		{D62301EC-08A7-4AD9-AF51-110991219AE5}.Release|Any CPU.Build.0 = Release|Any CPU
		{4186F225-D73F-422F-89E7-35F9DEBD31F3}.Debug|Any CPU.ActiveCfg = Debug|Any CPU
		{4186F225-D73F-422F-89E7-35F9DEBD31F3}.Debug|Any CPU.Build.0 = Debug|Any CPU
		{4186F225-D73F-422F-89E7-35F9DEBD31F3}.Release|Any CPU.ActiveCfg = Release|Any CPU
		{4186F225-D73F-422F-89E7-35F9DEBD31F3}.Release|Any CPU.Build.0 = Release|Any CPU
	EndGlobalSection
	GlobalSection(SolutionProperties) = preSolution
		HideSolutionNode = FALSE
	EndGlobalSection
	GlobalSection(NestedProjects) = preSolution
		{0D8D7AFF-AD23-4197-BF3E-1E12965B99CE} = {BD7E21B5-3F22-4B4F-BA11-277BEFF51B74}
		{5E68B947-CCFE-4A30-8129-07A481EAE0FA} = {061F2117-DAE3-469D-92B2-D151F51887CC}
		{B7F3C7CD-E04D-425C-80BE-55057B2A7517} = {061F2117-DAE3-469D-92B2-D151F51887CC}
		{BD7E21B5-3F22-4B4F-BA11-277BEFF51B74} = {061F2117-DAE3-469D-92B2-D151F51887CC}
		{8B853AD0-2714-410D-AA81-B2F2A0AF4FF7} = {5E68B947-CCFE-4A30-8129-07A481EAE0FA}
		{11BDF969-F1C9-42D0-B7E2-7D813B50DACC} = {5E68B947-CCFE-4A30-8129-07A481EAE0FA}
		{D41B9D9D-467B-4482-B978-05201DF4285F} = {5E68B947-CCFE-4A30-8129-07A481EAE0FA}
		{7685F1A4-8248-4EC1-A8D9-DF7268B97056} = {B7F3C7CD-E04D-425C-80BE-55057B2A7517}
		{023D0620-D864-41BA-81B5-3DE981712972} = {B7F3C7CD-E04D-425C-80BE-55057B2A7517}
		{2AE8A858-B1F1-4D4B-9A75-9078DC9CCC58} = {B7F3C7CD-E04D-425C-80BE-55057B2A7517}
		{0B36637F-8ADD-4D8F-98F1-510E2934B154} = {B7F3C7CD-E04D-425C-80BE-55057B2A7517}
		{D62301EC-08A7-4AD9-AF51-110991219AE5} = {B7F3C7CD-E04D-425C-80BE-55057B2A7517}
		{4186F225-D73F-422F-89E7-35F9DEBD31F3} = {1D288641-9CC0-4DFA-90D7-A4B25C9EB142}
	EndGlobalSection
	GlobalSection(ExtensibilityGlobals) = postSolution
		SolutionGuid = {57E3BBD6-0A91-4359-9BC4-9A6DC45B244C}
	EndGlobalSection
EndGlobal
